
Microsoft Visual Studio Solution File, Format Version 12.00
# Visual Studio Version 17
VisualStudioVersion = 17.13.35931.197 d17.13
MinimumVisualStudioVersion = 10.0.40219.1
Project("{FAE04EC0-301F-11D3-BF4B-00C04F79EFBC}") = "tm_template", "tm_template\tm_template.csproj", "{5A60D126-CA90-47E7-8115-44981047E98F}"
EndProject
Global
	GlobalSection(SolutionConfigurationPlatforms) = preSolution
		Debug|Any CPU = Debug|Any CPU
		Release|Any CPU = Release|Any CPU
	EndGlobalSection
	GlobalSection(ProjectConfigurationPlatforms) = postSolution
		{5A60D126-CA90-47E7-8115-44981047E98F}.Debug|Any CPU.ActiveCfg = Debug|Any CPU
		{5A60D126-CA90-47E7-8115-44981047E98F}.Debug|Any CPU.Build.0 = Debug|Any CPU
		{5A60D126-CA90-47E7-8115-44981047E98F}.Release|Any CPU.ActiveCfg = Release|Any CPU
		{5A60D126-CA90-47E7-8115-44981047E98F}.Release|Any CPU.Build.0 = Release|Any CPU
	EndGlobalSection
	GlobalSection(SolutionProperties) = preSolution
		HideSolutionNode = FALSE
	EndGlobalSection
	GlobalSection(ExtensibilityGlobals) = postSolution
		SolutionGuid = {8DE1CC78-66A3-494B-95DD-481131DC15DE}
	EndGlobalSection
EndGlobal
